
Microsoft Visual Studio Solution File, Format Version 12.00
# Visual Studio 15
VisualStudioVersion = 15.0.27428.2043
MinimumVisualStudioVersion = 10.0.40219.1
Project("{FAE04EC0-301F-11D3-BF4B-00C04F79EFBC}") = "Chess", "Chess\Chess.csproj", "{DB8AF280-CF1B-40C6-9F7F-8E2A053D59E1}"
EndProject
Project("{FAE04EC0-301F-11D3-BF4B-00C04F79EFBC}") = "ChessTest", "ChessTest\ChessTest.csproj", "{90DA8859-258B-4B50-BF98-15FF472C355B}"
EndProject
Global
	GlobalSection(SolutionConfigurationPlatforms) = preSolution
		Debug|Any CPU = Debug|Any CPU
		Debug|x86 = Debug|x86
		Release|Any CPU = Release|Any CPU
		Release|x86 = Release|x86
	EndGlobalSection
	GlobalSection(ProjectConfigurationPlatforms) = postSolution
		{DB8AF280-CF1B-40C6-9F7F-8E2A053D59E1}.Debug|Any CPU.ActiveCfg = Debug|x86
		{DB8AF280-CF1B-40C6-9F7F-8E2A053D59E1}.Debug|x86.ActiveCfg = Debug|x86
		{DB8AF280-CF1B-40C6-9F7F-8E2A053D59E1}.Debug|x86.Build.0 = Debug|x86
		{DB8AF280-CF1B-40C6-9F7F-8E2A053D59E1}.Release|Any CPU.ActiveCfg = Release|x86
		{DB8AF280-CF1B-40C6-9F7F-8E2A053D59E1}.Release|x86.ActiveCfg = Release|x86
		{DB8AF280-CF1B-40C6-9F7F-8E2A053D59E1}.Release|x86.Build.0 = Release|x86
		{90DA8859-258B-4B50-BF98-15FF472C355B}.Debug|Any CPU.ActiveCfg = Debug|Any CPU
		{90DA8859-258B-4B50-BF98-15FF472C355B}.Debug|Any CPU.Build.0 = Debug|Any CPU
		{90DA8859-258B-4B50-BF98-15FF472C355B}.Debug|x86.ActiveCfg = Debug|Any CPU
		{90DA8859-258B-4B50-BF98-15FF472C355B}.Debug|x86.Build.0 = Debug|Any CPU
		{90DA8859-258B-4B50-BF98-15FF472C355B}.Release|Any CPU.ActiveCfg = Release|Any CPU
		{90DA8859-258B-4B50-BF98-15FF472C355B}.Release|Any CPU.Build.0 = Release|Any CPU
		{90DA8859-258B-4B50-BF98-15FF472C355B}.Release|x86.ActiveCfg = Release|Any CPU
		{90DA8859-258B-4B50-BF98-15FF472C355B}.Release|x86.Build.0 = Release|Any CPU
	EndGlobalSection
	GlobalSection(SolutionProperties) = preSolution
		HideSolutionNode = FALSE
	EndGlobalSection
	GlobalSection(ExtensibilityGlobals) = postSolution
		SolutionGuid = {F58FDDFE-0DD7-4048-9357-9CB12AB80F3A}
	EndGlobalSection
EndGlobal
